[[package]]
name = "lxml"
version = "5.2.2"
description = "Powerful and Pythonic XML processing library combining libxml2/libxslt with the ElementTree API."
category = "main"
optional = false
python-versions = ">=3.6"

[package.extras]
cssselect = ["cssselect (>=0.7)"]
html5 = ["html5lib"]
html-clean = ["lxml-html-clean"]
htmlsoup = ["beautifulsoup4"]
source = ["Cython (>=3.0.10)"]

[[package]]
name = "python-docx"
version = "1.1.2"
description = "Create, read, and update Microsoft Word .docx files."
category = "main"
optional = false
python-versions = ">=3.7"

[package.dependencies]
lxml = ">=3.1.0"
typing-extensions = ">=4.9.0"

[[package]]
name = "typing-extensions"
version = "4.12.2"
description = "Backported and Experimental Type Hints for Python 3.8+"
category = "main"
optional = false
python-versions = ">=3.8"

[metadata]
lock-version = "1.1"
python-versions = "^3.10"
content-hash = "bcdb6e9401906a9915258f1120c4a90d0c9e2d6e5a40aa0b8c4e2b0a4fcd8108"

[metadata.files]
lxml = []
python-docx = []
typing-extensions = []
